
Microsoft Visual Studio Solution File, Format Version 12.00
# Visual Studio Version 17
VisualStudioVersion = 17.3.32901.215
MinimumVisualStudioVersion = 10.0.40219.1
Project("{FAE04EC0-301F-11D3-BF4B-00C04F79EFBC}") = "Lab2Task2", "Lab2Task2.csproj", "{4DFBFCBC-43ED-402C-9C8D-9FE4E6EF7DAD}"
EndProject
Global
	GlobalSection(SolutionConfigurationPlatforms) = preSolution
		Debug|Any CPU = Debug|Any CPU
		Release|Any CPU = Release|Any CPU
	EndGlobalSection
	GlobalSection(ProjectConfigurationPlatforms) = postSolution
		{4DFBFCBC-43ED-402C-9C8D-9FE4E6EF7DAD}.Debug|Any CPU.ActiveCfg = Debug|Any CPU
		{4DFBFCBC-43ED-402C-9C8D-9FE4E6EF7DAD}.Debug|Any CPU.Build.0 = Debug|Any CPU
		{4DFBFCBC-43ED-402C-9C8D-9FE4E6EF7DAD}.Release|Any CPU.ActiveCfg = Release|Any CPU
		{4DFBFCBC-43ED-402C-9C8D-9FE4E6EF7DAD}.Release|Any CPU.Build.0 = Release|Any CPU
	EndGlobalSection
	GlobalSection(SolutionProperties) = preSolution
		HideSolutionNode = FALSE
	EndGlobalSection
	GlobalSection(ExtensibilityGlobals) = postSolution
		SolutionGuid = {37251BCA-E9D5-4341-BB71-D10363AE4671}
	EndGlobalSection
EndGlobal
